
Microsoft Visual Studio Solution File, Format Version 12.00
# Visual Studio 15
VisualStudioVersion = 15.0.27428.2037
MinimumVisualStudioVersion = 10.0.40219.1
Project("{FAE04EC0-301F-11D3-BF4B-00C04F79EFBC}") = "azure532lab", "azure532lab\azure532lab.csproj", "{B0BBA6B4-DECE-4572-A4E5-19DB4D2A50DC}"
EndProject
Global
	GlobalSection(SolutionConfigurationPlatforms) = preSolution
		Debug|Any CPU = Debug|Any CPU
		Release|Any CPU = Release|Any CPU
	EndGlobalSection
	GlobalSection(ProjectConfigurationPlatforms) = postSolution
		{B0BBA6B4-DECE-4572-A4E5-19DB4D2A50DC}.Debug|Any CPU.ActiveCfg = Debug|Any CPU
		{B0BBA6B4-DECE-4572-A4E5-19DB4D2A50DC}.Debug|Any CPU.Build.0 = Debug|Any CPU
		{B0BBA6B4-DECE-4572-A4E5-19DB4D2A50DC}.Release|Any CPU.ActiveCfg = Release|Any CPU
		{B0BBA6B4-DECE-4572-A4E5-19DB4D2A50DC}.Release|Any CPU.Build.0 = Release|Any CPU
	EndGlobalSection
	GlobalSection(SolutionProperties) = preSolution
		HideSolutionNode = FALSE
	EndGlobalSection
	GlobalSection(ExtensibilityGlobals) = postSolution
		SolutionGuid = {92C38015-03AD-4B5B-ABC2-883B0C097E56}
	EndGlobalSection
EndGlobal
